// !$*UTF8*$!
{
	archiveVersion = 1;
	classes = {
	};
	objectVersion = 52;
	objects = {

/* Begin PBXBuildFile section */
		FF0CEE64259D0E8C00D64514 /* HomeViewModel.swift in Sources */ = {isa = PBXBuildFile; fileRef = FF0CEE63259D0E8C00D64514 /* HomeViewModel.swift */; };
		FF0F09EC257BCC8B008A35C7 /* AppDelegate.swift in Sources */ = {isa = PBXBuildFile; fileRef = FF0F09EB257BCC8B008A35C7 /* AppDelegate.swift */; };
		FF0F09F2257BCC8C008A35C7 /* Assets.xcassets in Resources */ = {isa = PBXBuildFile; fileRef = FF0F09F1257BCC8C008A35C7 /* Assets.xcassets */; };
		FF0F0A03257BCD23008A35C7 /* LaunchScreen.storyboard in Resources */ = {isa = PBXBuildFile; fileRef = FF0F0A02257BCD23008A35C7 /* LaunchScreen.storyboard */; };
		FF0F0A2F257BCD82008A35C7 /* BaseViewController.swift in Sources */ = {isa = PBXBuildFile; fileRef = FF0F0A1C257BCD82008A35C7 /* BaseViewController.swift */; };
		FF0F0A30257BCD82008A35C7 /* BaseInteractor.swift in Sources */ = {isa = PBXBuildFile; fileRef = FF0F0A1D257BCD82008A35C7 /* BaseInteractor.swift */; };
		FF0F0A31257BCD82008A35C7 /* BaseProtocols.swift in Sources */ = {isa = PBXBuildFile; fileRef = FF0F0A1E257BCD82008A35C7 /* BaseProtocols.swift */; };
		FF0F0A32257BCD82008A35C7 /* BaseAssembly.swift in Sources */ = {isa = PBXBuildFile; fileRef = FF0F0A1F257BCD82008A35C7 /* BaseAssembly.swift */; };
		FF0F0A33257BCD82008A35C7 /* BasePresenter.swift in Sources */ = {isa = PBXBuildFile; fileRef = FF0F0A20257BCD82008A35C7 /* BasePresenter.swift */; };
		FF0F0A34257BCD82008A35C7 /* BaseViewModel.swift in Sources */ = {isa = PBXBuildFile; fileRef = FF0F0A22257BCD82008A35C7 /* BaseViewModel.swift */; };
		FF0F0A35257BCD82008A35C7 /* BaseServerModel.swift in Sources */ = {isa = PBXBuildFile; fileRef = FF0F0A23257BCD82008A35C7 /* BaseServerModel.swift */; };
		FF0F0A36257BCD82008A35C7 /* BaseBusinessModel.swift in Sources */ = {isa = PBXBuildFile; fileRef = FF0F0A24257BCD82008A35C7 /* BaseBusinessModel.swift */; };
		FF0F0A37257BCD82008A35C7 /* BaseRouter.swift in Sources */ = {isa = PBXBuildFile; fileRef = FF0F0A25257BCD82008A35C7 /* BaseRouter.swift */; };
		FF0F0A38257BCD82008A35C7 /* BaseModalViewController.swift in Sources */ = {isa = PBXBuildFile; fileRef = FF0F0A26257BCD82008A35C7 /* BaseModalViewController.swift */; };
		FF0F0A39257BCD82008A35C7 /* BaseProvider.swift in Sources */ = {isa = PBXBuildFile; fileRef = FF0F0A27257BCD82008A35C7 /* BaseProvider.swift */; };
		FF0F0A3A257BCD82008A35C7 /* HomeViewController.swift in Sources */ = {isa = PBXBuildFile; fileRef = FF0F0A2E257BCD82008A35C7 /* HomeViewController.swift */; };
		FF0F0AC2257C1485008A35C7 /* HomePresenter.swift in Sources */ = {isa = PBXBuildFile; fileRef = FF0F0AC1257C1485008A35C7 /* HomePresenter.swift */; };
		FF0F0AC5257C148F008A35C7 /* HomeInteractor.swift in Sources */ = {isa = PBXBuildFile; fileRef = FF0F0AC4257C148F008A35C7 /* HomeInteractor.swift */; };
		FF0F0AC8257C149A008A35C7 /* HomeRouter.swift in Sources */ = {isa = PBXBuildFile; fileRef = FF0F0AC7257C149A008A35C7 /* HomeRouter.swift */; };
		FF0F0ACE257C36E8008A35C7 /* HomeViewController.xib in Resources */ = {isa = PBXBuildFile; fileRef = FF0F0ACD257C36E8008A35C7 /* HomeViewController.xib */; };
		FF0F0AD9257C3CA9008A35C7 /* AppInitializer.swift in Sources */ = {isa = PBXBuildFile; fileRef = FF0F0AD8257C3CA9008A35C7 /* AppInitializer.swift */; };
		FF0F0ADC257C3D31008A35C7 /* HomeAssembly.swift in Sources */ = {isa = PBXBuildFile; fileRef = FF0F0ADB257C3D31008A35C7 /* HomeAssembly.swift */; };
		FF0F0AE0257C3E76008A35C7 /* Enums.swift in Sources */ = {isa = PBXBuildFile; fileRef = FF0F0ADF257C3E76008A35C7 /* Enums.swift */; };
		FF0F0AE4257C3F88008A35C7 /* Utils.swift in Sources */ = {isa = PBXBuildFile; fileRef = FF0F0AE3257C3F88008A35C7 /* Utils.swift */; };
		FF0F0AE8257C4192008A35C7 /* DataAssembly.swift in Sources */ = {isa = PBXBuildFile; fileRef = FF0F0AE7257C4192008A35C7 /* DataAssembly.swift */; };
		FF0F0AEB257C41D8008A35C7 /* HomeProvider.swift in Sources */ = {isa = PBXBuildFile; fileRef = FF0F0AEA257C41D8008A35C7 /* HomeProvider.swift */; };
		FF0F0AEE257C4244008A35C7 /* BaseProviderParamsDTO.swift in Sources */ = {isa = PBXBuildFile; fileRef = FF0F0AED257C4244008A35C7 /* BaseProviderParamsDTO.swift */; };
		FF0F0AF1257C4282008A35C7 /* URLEndpoint.swift in Sources */ = {isa = PBXBuildFile; fileRef = FF0F0AF0257C4282008A35C7 /* URLEndpoint.swift */; };
		FF966208259A68C900404DB9 /* HomeServerModel.swift in Sources */ = {isa = PBXBuildFile; fileRef = FF966207259A68C900404DB9 /* HomeServerModel.swift */; };
		FF96620C259A696C00404DB9 /* HomeBusinessModel.swift in Sources */ = {isa = PBXBuildFile; fileRef = FF96620B259A696C00404DB9 /* HomeBusinessModel.swift */; };
		FFA041A2258E899F00C6928A /* Alamofire in Frameworks */ = {isa = PBXBuildFile; productRef = FFA041A1258E899F00C6928A /* Alamofire */; };
		FFA041A9258FD71A00C6928A /* CustomErrorModel.swift in Sources */ = {isa = PBXBuildFile; fileRef = FFA041A8258FD71A00C6928A /* CustomErrorModel.swift */; };
		FFA041AD258FD77A00C6928A /* KnownErrors.swift in Sources */ = {isa = PBXBuildFile; fileRef = FFA041AC258FD77A00C6928A /* KnownErrors.swift */; };
		FFA041B1258FD7F000C6928A /* ErrorLoginServerModel.swift in Sources */ = {isa = PBXBuildFile; fileRef = FFA041B0258FD7F000C6928A /* ErrorLoginServerModel.swift */; };
		FFA041B4258FD8EC00C6928A /* Constants.swift in Sources */ = {isa = PBXBuildFile; fileRef = FFA041B3258FD8EC00C6928A /* Constants.swift */; };
		FFA041B8258FD96100C6928A /* NetworkManager.swift in Sources */ = {isa = PBXBuildFile; fileRef = FFA041B7258FD96100C6928A /* NetworkManager.swift */; };
		FFA041BB258FDA9400C6928A /* ErrorLoginBusinessModel.swift in Sources */ = {isa = PBXBuildFile; fileRef = FFA041BA258FDA9400C6928A /* ErrorLoginBusinessModel.swift */; };
		FFA041BF258FDB5F00C6928A /* Date+Extensions.swift in Sources */ = {isa = PBXBuildFile; fileRef = FFA041BE258FDB5F00C6928A /* Date+Extensions.swift */; };
		FFC7915D25853D43008BDBDC /* ProfileAssembly.swift in Sources */ = {isa = PBXBuildFile; fileRef = FFC7915C25853D43008BDBDC /* ProfileAssembly.swift */; };
		FFC7916025853D54008BDBDC /* ProfileInteractor.swift in Sources */ = {isa = PBXBuildFile; fileRef = FFC7915F25853D54008BDBDC /* ProfileInteractor.swift */; };
		FFC7916325853D68008BDBDC /* ProfileRouter.swift in Sources */ = {isa = PBXBuildFile; fileRef = FFC7916225853D68008BDBDC /* ProfileRouter.swift */; };
		FFC7916625853D7B008BDBDC /* ProfilePresenter.swift in Sources */ = {isa = PBXBuildFile; fileRef = FFC7916525853D7B008BDBDC /* ProfilePresenter.swift */; };
		FFC7916925853D8D008BDBDC /* ProfileViewController.swift in Sources */ = {isa = PBXBuildFile; fileRef = FFC7916825853D8D008BDBDC /* ProfileViewController.swift */; };
		FFC7916C25853DAB008BDBDC /* ProfileViewController.xib in Resources */ = {isa = PBXBuildFile; fileRef = FFC7916B25853DAB008BDBDC /* ProfileViewController.xib */; };
		FFC7918725854224008BDBDC /* ProfileProvider.swift in Sources */ = {isa = PBXBuildFile; fileRef = FFC7918625854224008BDBDC /* ProfileProvider.swift */; };
/* End PBXBuildFile section */

/* Begin PBXFileReference section */
		FF0CEE63259D0E8C00D64514 /* HomeViewModel.swift */ = {isa = PBXFileReference; lastKnownFileType = sourcecode.swift; path = HomeViewModel.swift; sourceTree = "<group>"; };
		FF0F09E8257BCC8B008A35C7 /* TFG_Hugo_Pascual.app */ = {isa = PBXFileReference; explicitFileType = wrapper.application; includeInIndex = 0; path = TFG_Hugo_Pascual.app; sourceTree = BUILT_PRODUCTS_DIR; };
		FF0F09EB257BCC8B008A35C7 /* AppDelegate.swift */ = {isa = PBXFileReference; lastKnownFileType = sourcecode.swift; path = AppDelegate.swift; sourceTree = "<group>"; };
		FF0F09F1257BCC8C008A35C7 /* Assets.xcassets */ = {isa = PBXFileReference; lastKnownFileType = folder.assetcatalog; path = Assets.xcassets; sourceTree = "<group>"; };
		FF0F09F9257BCC8C008A35C7 /* Info.plist */ = {isa = PBXFileReference; lastKnownFileType = text.plist.xml; path = Info.plist; sourceTree = "<group>"; };
		FF0F0A02257BCD23008A35C7 /* LaunchScreen.storyboard */ = {isa = PBXFileReference; fileEncoding = 4; lastKnownFileType = file.storyboard; path = LaunchScreen.storyboard; sourceTree = "<group>"; };
		FF0F0A1C257BCD82008A35C7 /* BaseViewController.swift */ = {isa = PBXFileReference; fileEncoding = 4; lastKnownFileType = sourcecode.swift; path = BaseViewController.swift; sourceTree = "<group>"; };
		FF0F0A1D257BCD82008A35C7 /* BaseInteractor.swift */ = {isa = PBXFileReference; fileEncoding = 4; lastKnownFileType = sourcecode.swift; path = BaseInteractor.swift; sourceTree = "<group>"; };
		FF0F0A1E257BCD82008A35C7 /* BaseProtocols.swift */ = {isa = PBXFileReference; fileEncoding = 4; lastKnownFileType = sourcecode.swift; path = BaseProtocols.swift; sourceTree = "<group>"; };
		FF0F0A1F257BCD82008A35C7 /* BaseAssembly.swift */ = {isa = PBXFileReference; fileEncoding = 4; lastKnownFileType = sourcecode.swift; path = BaseAssembly.swift; sourceTree = "<group>"; };
		FF0F0A20257BCD82008A35C7 /* BasePresenter.swift */ = {isa = PBXFileReference; fileEncoding = 4; lastKnownFileType = sourcecode.swift; path = BasePresenter.swift; sourceTree = "<group>"; };
		FF0F0A22257BCD82008A35C7 /* BaseViewModel.swift */ = {isa = PBXFileReference; fileEncoding = 4; lastKnownFileType = sourcecode.swift; path = BaseViewModel.swift; sourceTree = "<group>"; };
		FF0F0A23257BCD82008A35C7 /* BaseServerModel.swift */ = {isa = PBXFileReference; fileEncoding = 4; lastKnownFileType = sourcecode.swift; path = BaseServerModel.swift; sourceTree = "<group>"; };
		FF0F0A24257BCD82008A35C7 /* BaseBusinessModel.swift */ = {isa = PBXFileReference; fileEncoding = 4; lastKnownFileType = sourcecode.swift; path = BaseBusinessModel.swift; sourceTree = "<group>"; };
		FF0F0A25257BCD82008A35C7 /* BaseRouter.swift */ = {isa = PBXFileReference; fileEncoding = 4; lastKnownFileType = sourcecode.swift; path = BaseRouter.swift; sourceTree = "<group>"; };
		FF0F0A26257BCD82008A35C7 /* BaseModalViewController.swift */ = {isa = PBXFileReference; fileEncoding = 4; lastKnownFileType = sourcecode.swift; path = BaseModalViewController.swift; sourceTree = "<group>"; };
		FF0F0A27257BCD82008A35C7 /* BaseProvider.swift */ = {isa = PBXFileReference; fileEncoding = 4; lastKnownFileType = sourcecode.swift; path = BaseProvider.swift; sourceTree = "<group>"; };
		FF0F0A2E257BCD82008A35C7 /* HomeViewController.swift */ = {isa = PBXFileReference; fileEncoding = 4; lastKnownFileType = sourcecode.swift; path = HomeViewController.swift; sourceTree = "<group>"; };
		FF0F0AC1257C1485008A35C7 /* HomePresenter.swift */ = {isa = PBXFileReference; lastKnownFileType = sourcecode.swift; path = HomePresenter.swift; sourceTree = "<group>"; };
		FF0F0AC4257C148F008A35C7 /* HomeInteractor.swift */ = {isa = PBXFileReference; lastKnownFileType = sourcecode.swift; path = HomeInteractor.swift; sourceTree = "<group>"; };
		FF0F0AC7257C149A008A35C7 /* HomeRouter.swift */ = {isa = PBXFileReference; lastKnownFileType = sourcecode.swift; path = HomeRouter.swift; sourceTree = "<group>"; };
		FF0F0ACD257C36E8008A35C7 /* HomeViewController.xib */ = {isa = PBXFileReference; lastKnownFileType = file.xib; path = HomeViewController.xib; sourceTree = "<group>"; };
		FF0F0AD8257C3CA9008A35C7 /* AppInitializer.swift */ = {isa = PBXFileReference; lastKnownFileType = sourcecode.swift; path = AppInitializer.swift; sourceTree = "<group>"; };
		FF0F0ADB257C3D31008A35C7 /* HomeAssembly.swift */ = {isa = PBXFileReference; lastKnownFileType = sourcecode.swift; path = HomeAssembly.swift; sourceTree = "<group>"; };
		FF0F0ADF257C3E76008A35C7 /* Enums.swift */ = {isa = PBXFileReference; lastKnownFileType = sourcecode.swift; path = Enums.swift; sourceTree = "<group>"; };
		FF0F0AE3257C3F88008A35C7 /* Utils.swift */ = {isa = PBXFileReference; lastKnownFileType = sourcecode.swift; path = Utils.swift; sourceTree = "<group>"; };
		FF0F0AE7257C4192008A35C7 /* DataAssembly.swift */ = {isa = PBXFileReference; lastKnownFileType = sourcecode.swift; path = DataAssembly.swift; sourceTree = "<group>"; };
		FF0F0AEA257C41D8008A35C7 /* HomeProvider.swift */ = {isa = PBXFileReference; lastKnownFileType = sourcecode.swift; path = HomeProvider.swift; sourceTree = "<group>"; };
		FF0F0AED257C4244008A35C7 /* BaseProviderParamsDTO.swift */ = {isa = PBXFileReference; lastKnownFileType = sourcecode.swift; path = BaseProviderParamsDTO.swift; sourceTree = "<group>"; };
		FF0F0AF0257C4282008A35C7 /* URLEndpoint.swift */ = {isa = PBXFileReference; lastKnownFileType = sourcecode.swift; path = URLEndpoint.swift; sourceTree = "<group>"; };
		FF966207259A68C900404DB9 /* HomeServerModel.swift */ = {isa = PBXFileReference; lastKnownFileType = sourcecode.swift; path = HomeServerModel.swift; sourceTree = "<group>"; };
		FF96620B259A696C00404DB9 /* HomeBusinessModel.swift */ = {isa = PBXFileReference; lastKnownFileType = sourcecode.swift; path = HomeBusinessModel.swift; sourceTree = "<group>"; };
		FFA041A8258FD71A00C6928A /* CustomErrorModel.swift */ = {isa = PBXFileReference; lastKnownFileType = sourcecode.swift; path = CustomErrorModel.swift; sourceTree = "<group>"; };
		FFA041AC258FD77A00C6928A /* KnownErrors.swift */ = {isa = PBXFileReference; lastKnownFileType = sourcecode.swift; path = KnownErrors.swift; sourceTree = "<group>"; };
		FFA041B0258FD7F000C6928A /* ErrorLoginServerModel.swift */ = {isa = PBXFileReference; lastKnownFileType = sourcecode.swift; path = ErrorLoginServerModel.swift; sourceTree = "<group>"; };
		FFA041B3258FD8EC00C6928A /* Constants.swift */ = {isa = PBXFileReference; lastKnownFileType = sourcecode.swift; path = Constants.swift; sourceTree = "<group>"; };
		FFA041B7258FD96100C6928A /* NetworkManager.swift */ = {isa = PBXFileReference; lastKnownFileType = sourcecode.swift; path = NetworkManager.swift; sourceTree = "<group>"; };
		FFA041BA258FDA9400C6928A /* ErrorLoginBusinessModel.swift */ = {isa = PBXFileReference; lastKnownFileType = sourcecode.swift; path = ErrorLoginBusinessModel.swift; sourceTree = "<group>"; };
		FFA041BE258FDB5F00C6928A /* Date+Extensions.swift */ = {isa = PBXFileReference; lastKnownFileType = sourcecode.swift; path = "Date+Extensions.swift"; sourceTree = "<group>"; };
		FFC7915C25853D43008BDBDC /* ProfileAssembly.swift */ = {isa = PBXFileReference; lastKnownFileType = sourcecode.swift; path = ProfileAssembly.swift; sourceTree = "<group>"; };
		FFC7915F25853D54008BDBDC /* ProfileInteractor.swift */ = {isa = PBXFileReference; lastKnownFileType = sourcecode.swift; path = ProfileInteractor.swift; sourceTree = "<group>"; };
		FFC7916225853D68008BDBDC /* ProfileRouter.swift */ = {isa = PBXFileReference; lastKnownFileType = sourcecode.swift; path = ProfileRouter.swift; sourceTree = "<group>"; };
		FFC7916525853D7B008BDBDC /* ProfilePresenter.swift */ = {isa = PBXFileReference; lastKnownFileType = sourcecode.swift; path = ProfilePresenter.swift; sourceTree = "<group>"; };
		FFC7916825853D8D008BDBDC /* ProfileViewController.swift */ = {isa = PBXFileReference; lastKnownFileType = sourcecode.swift; path = ProfileViewController.swift; sourceTree = "<group>"; };
		FFC7916B25853DAB008BDBDC /* ProfileViewController.xib */ = {isa = PBXFileReference; lastKnownFileType = file.xib; path = ProfileViewController.xib; sourceTree = "<group>"; };
		FFC7918625854224008BDBDC /* ProfileProvider.swift */ = {isa = PBXFileReference; lastKnownFileType = sourcecode.swift; path = ProfileProvider.swift; sourceTree = "<group>"; };
/* End PBXFileReference section */

/* Begin PBXFrameworksBuildPhase section */
		FF0F09E5257BCC8B008A35C7 /* Frameworks */ = {
			isa = PBXFrameworksBuildPhase;
			buildActionMask = 2147483647;
			files = (
				FFA041A2258E899F00C6928A /* Alamofire in Frameworks */,
			);
			runOnlyForDeploymentPostprocessing = 0;
		};
/* End PBXFrameworksBuildPhase section */

/* Begin PBXGroup section */
		FF0F09DF257BCC8B008A35C7 = {
			isa = PBXGroup;
			children = (
				FF0F09EA257BCC8B008A35C7 /* TFG_Hugo_Pascual */,
				FF0F09E9257BCC8B008A35C7 /* Products */,
			);
			sourceTree = "<group>";
		};
		FF0F09E9257BCC8B008A35C7 /* Products */ = {
			isa = PBXGroup;
			children = (
				FF0F09E8257BCC8B008A35C7 /* TFG_Hugo_Pascual.app */,
			);
			name = Products;
			sourceTree = "<group>";
		};
		FF0F09EA257BCC8B008A35C7 /* TFG_Hugo_Pascual */ = {
			isa = PBXGroup;
			children = (
				FFA041BD258FDB4700C6928A /* Extensions */,
				FF0F0AE7257C4192008A35C7 /* DataAssembly.swift */,
				FFC791852585417F008BDBDC /* CoreAPP */,
				FF0F0A19257BCD82008A35C7 /* Classes */,
				FF0F0ADE257C3E65008A35C7 /* Utilities */,
				FF0F09F1257BCC8C008A35C7 /* Assets.xcassets */,
				FF0F0A02257BCD23008A35C7 /* LaunchScreen.storyboard */,
				FF0F09F9257BCC8C008A35C7 /* Info.plist */,
			);
			path = TFG_Hugo_Pascual;
			sourceTree = "<group>";
		};
		FF0F0A19257BCD82008A35C7 /* Classes */ = {
			isa = PBXGroup;
			children = (
				FFA041A5258FD6DB00C6928A /* Helpers */,
				FF0F0A1A257BCD82008A35C7 /* BaseClasses */,
				FFC79124258535C5008BDBDC /* Common */,
				FF0F0A2C257BCD82008A35C7 /* Modules */,
			);
			path = Classes;
			sourceTree = "<group>";
		};
		FF0F0A1A257BCD82008A35C7 /* BaseClasses */ = {
			isa = PBXGroup;
			children = (
				FF0F0A1B257BCD82008A35C7 /* BaseVIPER */,
				FF0F0A26257BCD82008A35C7 /* BaseModalViewController.swift */,
				FF0F0A27257BCD82008A35C7 /* BaseProvider.swift */,
				FF0F0AED257C4244008A35C7 /* BaseProviderParamsDTO.swift */,
			);
			path = BaseClasses;
			sourceTree = "<group>";
		};
		FF0F0A1B257BCD82008A35C7 /* BaseVIPER */ = {
			isa = PBXGroup;
			children = (
				FF0F0A1E257BCD82008A35C7 /* BaseProtocols.swift */,
				FF0F0A21257BCD82008A35C7 /* Models */,
				FF0F0A1F257BCD82008A35C7 /* BaseAssembly.swift */,
				FF0F0A1D257BCD82008A35C7 /* BaseInteractor.swift */,
				FF0F0A25257BCD82008A35C7 /* BaseRouter.swift */,
				FF0F0A20257BCD82008A35C7 /* BasePresenter.swift */,
				FF0F0A1C257BCD82008A35C7 /* BaseViewController.swift */,
			);
			path = BaseVIPER;
			sourceTree = "<group>";
		};
		FF0F0A21257BCD82008A35C7 /* Models */ = {
			isa = PBXGroup;
			children = (
				FF0F0A22257BCD82008A35C7 /* BaseViewModel.swift */,
				FF0F0A23257BCD82008A35C7 /* BaseServerModel.swift */,
				FF0F0A24257BCD82008A35C7 /* BaseBusinessModel.swift */,
			);
			path = Models;
			sourceTree = "<group>";
		};
		FF0F0A29257BCD82008A35C7 /* Models */ = {
			isa = PBXGroup;
			children = (
			);
			path = Models;
			sourceTree = "<group>";
		};
		FF0F0A2C257BCD82008A35C7 /* Modules */ = {
			isa = PBXGroup;
			children = (
				FF0F0A2D257BCD82008A35C7 /* Home */,
				FFC7915B25853D2C008BDBDC /* Profile */,
			);
			path = Modules;
			sourceTree = "<group>";
		};
		FF0F0A2D257BCD82008A35C7 /* Home */ = {
			isa = PBXGroup;
			children = (
				FF966206259A689B00404DB9 /* Models */,
				FF0F0AC7257C149A008A35C7 /* HomeRouter.swift */,
				FF0F0AC4257C148F008A35C7 /* HomeInteractor.swift */,
				FF0F0AC1257C1485008A35C7 /* HomePresenter.swift */,
				FF0F0A2E257BCD82008A35C7 /* HomeViewController.swift */,
				FF0F0ACD257C36E8008A35C7 /* HomeViewController.xib */,
				FF0F0ADB257C3D31008A35C7 /* HomeAssembly.swift */,
				FF0F0AEA257C41D8008A35C7 /* HomeProvider.swift */,
			);
			path = Home;
			sourceTree = "<group>";
		};
		FF0F0ADE257C3E65008A35C7 /* Utilities */ = {
			isa = PBXGroup;
			children = (
				FF0F0ADF257C3E76008A35C7 /* Enums.swift */,
				FF0F0AE3257C3F88008A35C7 /* Utils.swift */,
				FF0F0AF0257C4282008A35C7 /* URLEndpoint.swift */,
				FFA041B3258FD8EC00C6928A /* Constants.swift */,
			);
			path = Utilities;
			sourceTree = "<group>";
		};
		FF966206259A689B00404DB9 /* Models */ = {
			isa = PBXGroup;
			children = (
				FF966207259A68C900404DB9 /* HomeServerModel.swift */,
				FF96620B259A696C00404DB9 /* HomeBusinessModel.swift */,
				FF0CEE63259D0E8C00D64514 /* HomeViewModel.swift */,
			);
			path = Models;
			sourceTree = "<group>";
		};
		FFA041A5258FD6DB00C6928A /* Helpers */ = {
			isa = PBXGroup;
			children = (
				FFA041B6258FD92500C6928A /* NetworkManager */,
				FFA041A6258FD6E900C6928A /* ErrorsHandling */,
			);
			path = Helpers;
			sourceTree = "<group>";
		};
		FFA041A6258FD6E900C6928A /* ErrorsHandling */ = {
			isa = PBXGroup;
			children = (
				FFA041AC258FD77A00C6928A /* KnownErrors.swift */,
				FFA041A7258FD6FC00C6928A /* ErrorsModels */,
			);
			path = ErrorsHandling;
			sourceTree = "<group>";
		};
		FFA041A7258FD6FC00C6928A /* ErrorsModels */ = {
			isa = PBXGroup;
			children = (
				FFA041A8258FD71A00C6928A /* CustomErrorModel.swift */,
				FFA041B0258FD7F000C6928A /* ErrorLoginServerModel.swift */,
				FFA041BA258FDA9400C6928A /* ErrorLoginBusinessModel.swift */,
			);
			path = ErrorsModels;
			sourceTree = "<group>";
		};
		FFA041B6258FD92500C6928A /* NetworkManager */ = {
			isa = PBXGroup;
			children = (
				FFA041B7258FD96100C6928A /* NetworkManager.swift */,
			);
			path = NetworkManager;
			sourceTree = "<group>";
		};
		FFA041BD258FDB4700C6928A /* Extensions */ = {
			isa = PBXGroup;
			children = (
				FFA041BE258FDB5F00C6928A /* Date+Extensions.swift */,
			);
			path = Extensions;
			sourceTree = "<group>";
		};
		FFC79124258535C5008BDBDC /* Common */ = {
			isa = PBXGroup;
			children = (
				FF0F0A29257BCD82008A35C7 /* Models */,
			);
			path = Common;
			sourceTree = "<group>";
		};
		FFC7915B25853D2C008BDBDC /* Profile */ = {
			isa = PBXGroup;
			children = (
				FFC7915F25853D54008BDBDC /* ProfileInteractor.swift */,
				FFC7916225853D68008BDBDC /* ProfileRouter.swift */,
				FFC7916525853D7B008BDBDC /* ProfilePresenter.swift */,
				FFC7916825853D8D008BDBDC /* ProfileViewController.swift */,
				FFC7916B25853DAB008BDBDC /* ProfileViewController.xib */,
				FFC7915C25853D43008BDBDC /* ProfileAssembly.swift */,
				FFC7918625854224008BDBDC /* ProfileProvider.swift */,
			);
			path = Profile;
			sourceTree = "<group>";
		};
		FFC791852585417F008BDBDC /* CoreAPP */ = {
			isa = PBXGroup;
			children = (
				FF0F09EB257BCC8B008A35C7 /* AppDelegate.swift */,
				FF0F0AD8257C3CA9008A35C7 /* AppInitializer.swift */,
			);
			path = CoreAPP;
			sourceTree = "<group>";
		};
/* End PBXGroup section */

/* Begin PBXNativeTarget section */
		FF0F09E7257BCC8B008A35C7 /* TFG_Hugo_Pascual */ = {
			isa = PBXNativeTarget;
			buildConfigurationList = FF0F09FC257BCC8C008A35C7 /* Build configuration list for PBXNativeTarget "TFG_Hugo_Pascual" */;
			buildPhases = (
				FF0F09E4257BCC8B008A35C7 /* Sources */,
				FF0F09E5257BCC8B008A35C7 /* Frameworks */,
				FF0F09E6257BCC8B008A35C7 /* Resources */,
				FF0F0A3D257BD0E2008A35C7 /* SwiftLint */,
			);
			buildRules = (
			);
			dependencies = (
			);
			name = TFG_Hugo_Pascual;
			packageProductDependencies = (
				FFA041A1258E899F00C6928A /* Alamofire */,
			);
			productName = TFG_Hugo_Pascual;
			productReference = FF0F09E8257BCC8B008A35C7 /* TFG_Hugo_Pascual.app */;
			productType = "com.apple.product-type.application";
		};
/* End PBXNativeTarget section */

/* Begin PBXProject section */
		FF0F09E0257BCC8B008A35C7 /* Project object */ = {
			isa = PBXProject;
			attributes = {
				LastSwiftUpdateCheck = 1220;
				LastUpgradeCheck = 1220;
				TargetAttributes = {
					FF0F09E7257BCC8B008A35C7 = {
						CreatedOnToolsVersion = 12.2;
					};
				};
			};
			buildConfigurationList = FF0F09E3257BCC8B008A35C7 /* Build configuration list for PBXProject "TFG_Hugo_Pascual" */;
			compatibilityVersion = "Xcode 9.3";
			developmentRegion = en;
			hasScannedForEncodings = 0;
			knownRegions = (
				en,
				Base,
			);
			mainGroup = FF0F09DF257BCC8B008A35C7;
			packageReferences = (
				FFA041A0258E899F00C6928A /* XCRemoteSwiftPackageReference "Alamofire" */,
			);
			productRefGroup = FF0F09E9257BCC8B008A35C7 /* Products */;
			projectDirPath = "";
			projectRoot = "";
			targets = (
				FF0F09E7257BCC8B008A35C7 /* TFG_Hugo_Pascual */,
			);
		};
/* End PBXProject section */

/* Begin PBXResourcesBuildPhase section */
		FF0F09E6257BCC8B008A35C7 /* Resources */ = {
			isa = PBXResourcesBuildPhase;
			buildActionMask = 2147483647;
			files = (
				FF0F0A03257BCD23008A35C7 /* LaunchScreen.storyboard in Resources */,
				FF0F09F2257BCC8C008A35C7 /* Assets.xcassets in Resources */,
				FFC7916C25853DAB008BDBDC /* ProfileViewController.xib in Resources */,
				FF0F0ACE257C36E8008A35C7 /* HomeViewController.xib in Resources */,
			);
			runOnlyForDeploymentPostprocessing = 0;
		};
/* End PBXResourcesBuildPhase section */

/* Begin PBXShellScriptBuildPhase section */
		FF0F0A3D257BD0E2008A35C7 /* SwiftLint */ = {
			isa = PBXShellScriptBuildPhase;
			buildActionMask = 2147483647;
			files = (
			);
			inputFileListPaths = (
			);
			inputPaths = (
			);
			name = SwiftLint;
			outputFileListPaths = (
			);
			outputPaths = (
			);
			runOnlyForDeploymentPostprocessing = 0;
			shellPath = /bin/sh;
			shellScript = "# Type a script or drag a script file from your workspace to insert its path.\nif which swiftlint >/dev/null; then\n  swiftlint\nelse\n  echo \"warning: SwiftLint not installed, download from https://github.com/realm/SwiftLint\"\nfi\n";
		};
/* End PBXShellScriptBuildPhase section */

/* Begin PBXSourcesBuildPhase section */
		FF0F09E4257BCC8B008A35C7 /* Sources */ = {
			isa = PBXSourcesBuildPhase;
			buildActionMask = 2147483647;
			files = (
				FF0F0A2F257BCD82008A35C7 /* BaseViewController.swift in Sources */,
				FFA041B4258FD8EC00C6928A /* Constants.swift in Sources */,
				FF0F0AC8257C149A008A35C7 /* HomeRouter.swift in Sources */,
				FF0CEE64259D0E8C00D64514 /* HomeViewModel.swift in Sources */,
				FF0F0ADC257C3D31008A35C7 /* HomeAssembly.swift in Sources */,
				FF0F0AEE257C4244008A35C7 /* BaseProviderParamsDTO.swift in Sources */,
				FF0F09EC257BCC8B008A35C7 /* AppDelegate.swift in Sources */,
				FF0F0AE0257C3E76008A35C7 /* Enums.swift in Sources */,
				FFC7916025853D54008BDBDC /* ProfileInteractor.swift in Sources */,
				FF0F0A38257BCD82008A35C7 /* BaseModalViewController.swift in Sources */,
				FFA041B1258FD7F000C6928A /* ErrorLoginServerModel.swift in Sources */,
				FFC7916625853D7B008BDBDC /* ProfilePresenter.swift in Sources */,
				FF0F0A34257BCD82008A35C7 /* BaseViewModel.swift in Sources */,
				FF0F0AE4257C3F88008A35C7 /* Utils.swift in Sources */,
				FF966208259A68C900404DB9 /* HomeServerModel.swift in Sources */,
				FF0F0A36257BCD82008A35C7 /* BaseBusinessModel.swift in Sources */,
				FFC7916925853D8D008BDBDC /* ProfileViewController.swift in Sources */,
				FF0F0AEB257C41D8008A35C7 /* HomeProvider.swift in Sources */,
				FFA041A9258FD71A00C6928A /* CustomErrorModel.swift in Sources */,
				FFA041B8258FD96100C6928A /* NetworkManager.swift in Sources */,
				FF0F0AD9257C3CA9008A35C7 /* AppInitializer.swift in Sources */,
				FF0F0A3A257BCD82008A35C7 /* HomeViewController.swift in Sources */,
				FFA041BF258FDB5F00C6928A /* Date+Extensions.swift in Sources */,
				FF0F0A32257BCD82008A35C7 /* BaseAssembly.swift in Sources */,
				FF0F0A35257BCD82008A35C7 /* BaseServerModel.swift in Sources */,
				FF0F0A39257BCD82008A35C7 /* BaseProvider.swift in Sources */,
				FFC7915D25853D43008BDBDC /* ProfileAssembly.swift in Sources */,
				FF0F0AE8257C4192008A35C7 /* DataAssembly.swift in Sources */,
				FFA041AD258FD77A00C6928A /* KnownErrors.swift in Sources */,
				FF0F0AF1257C4282008A35C7 /* URLEndpoint.swift in Sources */,
				FFC7918725854224008BDBDC /* ProfileProvider.swift in Sources */,
				FF0F0A37257BCD82008A35C7 /* BaseRouter.swift in Sources */,
				FFC7916325853D68008BDBDC /* ProfileRouter.swift in Sources */,
				FF0F0A33257BCD82008A35C7 /* BasePresenter.swift in Sources */,
				FF0F0A30257BCD82008A35C7 /* BaseInteractor.swift in Sources */,
				FFA041BB258FDA9400C6928A /* ErrorLoginBusinessModel.swift in Sources */,
				FF0F0A31257BCD82008A35C7 /* BaseProtocols.swift in Sources */,
				FF0F0AC2257C1485008A35C7 /* HomePresenter.swift in Sources */,
				FF96620C259A696C00404DB9 /* HomeBusinessModel.swift in Sources */,
				FF0F0AC5257C148F008A35C7 /* HomeInteractor.swift in Sources */,
			);
			runOnlyForDeploymentPostprocessing = 0;
		};
/* End PBXSourcesBuildPhase section */

/* Begin XCBuildConfiguration section */
		FF0F09FA257BCC8C008A35C7 /* Debug */ = {
			isa = XCBuildConfiguration;
			buildSettings = {
				ALWAYS_SEARCH_USER_PATHS = NO;
				CLANG_ANALYZER_NONNULL = YES;
				CLANG_ANALYZER_NUMBER_OBJECT_CONVERSION = YES_AGGRESSIVE;
				CLANG_CXX_LANGUAGE_STANDARD = "gnu++14";
				CLANG_CXX_LIBRARY = "libc++";
				CLANG_ENABLE_MODULES = YES;
				CLANG_ENABLE_OBJC_ARC = YES;
				CLANG_ENABLE_OBJC_WEAK = YES;
				CLANG_WARN_BLOCK_CAPTURE_AUTORELEASING = YES;
				CLANG_WARN_BOOL_CONVERSION = YES;
				CLANG_WARN_COMMA = YES;
				CLANG_WARN_CONSTANT_CONVERSION = YES;
				CLANG_WARN_DEPRECATED_OBJC_IMPLEMENTATIONS = YES;
				CLANG_WARN_DIRECT_OBJC_ISA_USAGE = YES_ERROR;
				CLANG_WARN_DOCUMENTATION_COMMENTS = YES;
				CLANG_WARN_EMPTY_BODY = YES;
				CLANG_WARN_ENUM_CONVERSION = YES;
				CLANG_WARN_INFINITE_RECURSION = YES;
				CLANG_WARN_INT_CONVERSION = YES;
				CLANG_WARN_NON_LITERAL_NULL_CONVERSION = YES;
				CLANG_WARN_OBJC_IMPLICIT_RETAIN_SELF = YES;
				CLANG_WARN_OBJC_LITERAL_CONVERSION = YES;
				CLANG_WARN_OBJC_ROOT_CLASS = YES_ERROR;
				CLANG_WARN_QUOTED_INCLUDE_IN_FRAMEWORK_HEADER = YES;
				CLANG_WARN_RANGE_LOOP_ANALYSIS = YES;
				CLANG_WARN_STRICT_PROTOTYPES = YES;
				CLANG_WARN_SUSPICIOUS_MOVE = YES;
				CLANG_WARN_UNGUARDED_AVAILABILITY = YES_AGGRESSIVE;
				CLANG_WARN_UNREACHABLE_CODE = YES;
				CLANG_WARN__DUPLICATE_METHOD_MATCH = YES;
				COPY_PHASE_STRIP = NO;
				DEBUG_INFORMATION_FORMAT = dwarf;
				ENABLE_STRICT_OBJC_MSGSEND = YES;
				ENABLE_TESTABILITY = YES;
				GCC_C_LANGUAGE_STANDARD = gnu11;
				GCC_DYNAMIC_NO_PIC = NO;
				GCC_NO_COMMON_BLOCKS = YES;
				GCC_OPTIMIZATION_LEVEL = 0;
				GCC_PREPROCESSOR_DEFINITIONS = (
					"DEBUG=1",
					"$(inherited)",
				);
				GCC_WARN_64_TO_32_BIT_CONVERSION = YES;
				GCC_WARN_ABOUT_RETURN_TYPE = YES_ERROR;
				GCC_WARN_UNDECLARED_SELECTOR = YES;
				GCC_WARN_UNINITIALIZED_AUTOS = YES_AGGRESSIVE;
				GCC_WARN_UNUSED_FUNCTION = YES;
				GCC_WARN_UNUSED_VARIABLE = YES;
				IPHONEOS_DEPLOYMENT_TARGET = 14.2;
				MTL_ENABLE_DEBUG_INFO = INCLUDE_SOURCE;
				MTL_FAST_MATH = YES;
				ONLY_ACTIVE_ARCH = YES;
				SDKROOT = iphoneos;
				SWIFT_ACTIVE_COMPILATION_CONDITIONS = DEBUG;
				SWIFT_OPTIMIZATION_LEVEL = "-Onone";
			};
			name = Debug;
		};
		FF0F09FB257BCC8C008A35C7 /* Release */ = {
			isa = XCBuildConfiguration;
			buildSettings = {
				ALWAYS_SEARCH_USER_PATHS = NO;
				CLANG_ANALYZER_NONNULL = YES;
				CLANG_ANALYZER_NUMBER_OBJECT_CONVERSION = YES_AGGRESSIVE;
				CLANG_CXX_LANGUAGE_STANDARD = "gnu++14";
				CLANG_CXX_LIBRARY = "libc++";
				CLANG_ENABLE_MODULES = YES;
				CLANG_ENABLE_OBJC_ARC = YES;
				CLANG_ENABLE_OBJC_WEAK = YES;
				CLANG_WARN_BLOCK_CAPTURE_AUTORELEASING = YES;
				CLANG_WARN_BOOL_CONVERSION = YES;
				CLANG_WARN_COMMA = YES;
				CLANG_WARN_CONSTANT_CONVERSION = YES;
				CLANG_WARN_DEPRECATED_OBJC_IMPLEMENTATIONS = YES;
				CLANG_WARN_DIRECT_OBJC_ISA_USAGE = YES_ERROR;
				CLANG_WARN_DOCUMENTATION_COMMENTS = YES;
				CLANG_WARN_EMPTY_BODY = YES;
				CLANG_WARN_ENUM_CONVERSION = YES;
				CLANG_WARN_INFINITE_RECURSION = YES;
				CLANG_WARN_INT_CONVERSION = YES;
				CLANG_WARN_NON_LITERAL_NULL_CONVERSION = YES;
				CLANG_WARN_OBJC_IMPLICIT_RETAIN_SELF = YES;
				CLANG_WARN_OBJC_LITERAL_CONVERSION = YES;
				CLANG_WARN_OBJC_ROOT_CLASS = YES_ERROR;
				CLANG_WARN_QUOTED_INCLUDE_IN_FRAMEWORK_HEADER = YES;
				CLANG_WARN_RANGE_LOOP_ANALYSIS = YES;
				CLANG_WARN_STRICT_PROTOTYPES = YES;
				CLANG_WARN_SUSPICIOUS_MOVE = YES;
				CLANG_WARN_UNGUARDED_AVAILABILITY = YES_AGGRESSIVE;
				CLANG_WARN_UNREACHABLE_CODE = YES;
				CLANG_WARN__DUPLICATE_METHOD_MATCH = YES;
				COPY_PHASE_STRIP = NO;
				DEBUG_INFORMATION_FORMAT = "dwarf-with-dsym";
				ENABLE_NS_ASSERTIONS = NO;
				ENABLE_STRICT_OBJC_MSGSEND = YES;
				GCC_C_LANGUAGE_STANDARD = gnu11;
				GCC_NO_COMMON_BLOCKS = YES;
				GCC_WARN_64_TO_32_BIT_CONVERSION = YES;
				GCC_WARN_ABOUT_RETURN_TYPE = YES_ERROR;
				GCC_WARN_UNDECLARED_SELECTOR = YES;
				GCC_WARN_UNINITIALIZED_AUTOS = YES_AGGRESSIVE;
				GCC_WARN_UNUSED_FUNCTION = YES;
				GCC_WARN_UNUSED_VARIABLE = YES;
				IPHONEOS_DEPLOYMENT_TARGET = 14.2;
				MTL_ENABLE_DEBUG_INFO = NO;
				MTL_FAST_MATH = YES;
				SDKROOT = iphoneos;
				SWIFT_COMPILATION_MODE = wholemodule;
				SWIFT_OPTIMIZATION_LEVEL = "-O";
				VALIDATE_PRODUCT = YES;
			};
			name = Release;
		};
		FF0F09FD257BCC8C008A35C7 /* Debug */ = {
			isa = XCBuildConfiguration;
			buildSettings = {
				ASSETCATALOG_COMPILER_APPICON_NAME = AppIcon;
				ASSETCATALOG_COMPILER_GLOBAL_ACCENT_COLOR_NAME = AccentColor;
				CODE_SIGN_STYLE = Automatic;
				DEVELOPMENT_ASSET_PATHS = "\"TFG_Hugo_Pascual\"";
				ENABLE_PREVIEWS = YES;
				INFOPLIST_FILE = TFG_Hugo_Pascual/Info.plist;
				LD_RUNPATH_SEARCH_PATHS = (
					"$(inherited)",
					"@executable_path/Frameworks",
				);
				PRODUCT_BUNDLE_IDENTIFIER = "upm.etsit.dit.tfg.hugopascual.TFG-Hugo-Pascual";
				PRODUCT_NAME = "$(TARGET_NAME)";
				SWIFT_VERSION = 5.0;
				TARGETED_DEVICE_FAMILY = "1,2";
			};
			name = Debug;
		};
		FF0F09FE257BCC8C008A35C7 /* Release */ = {
			isa = XCBuildConfiguration;
			buildSettings = {
				ASSETCATALOG_COMPILER_APPICON_NAME = AppIcon;
				ASSETCATALOG_COMPILER_GLOBAL_ACCENT_COLOR_NAME = AccentColor;
				CODE_SIGN_STYLE = Automatic;
				DEVELOPMENT_ASSET_PATHS = "\"TFG_Hugo_Pascual\"";
				ENABLE_PREVIEWS = YES;
				INFOPLIST_FILE = TFG_Hugo_Pascual/Info.plist;
				LD_RUNPATH_SEARCH_PATHS = (
					"$(inherited)",
					"@executable_path/Frameworks",
				);
				PRODUCT_BUNDLE_IDENTIFIER = "upm.etsit.dit.tfg.hugopascual.TFG-Hugo-Pascual";
				PRODUCT_NAME = "$(TARGET_NAME)";
				SWIFT_VERSION = 5.0;
				TARGETED_DEVICE_FAMILY = "1,2";
			};
			name = Release;
		};
/* End XCBuildConfiguration section */

/* Begin XCConfigurationList section */
		FF0F09E3257BCC8B008A35C7 /* Build configuration list for PBXProject "TFG_Hugo_Pascual" */ = {
			isa = XCConfigurationList;
			buildConfigurations = (
				FF0F09FA257BCC8C008A35C7 /* Debug */,
				FF0F09FB257BCC8C008A35C7 /* Release */,
			);
			defaultConfigurationIsVisible = 0;
			defaultConfigurationName = Release;
		};
		FF0F09FC257BCC8C008A35C7 /* Build configuration list for PBXNativeTarget "TFG_Hugo_Pascual" */ = {
			isa = XCConfigurationList;
			buildConfigurations = (
				FF0F09FD257BCC8C008A35C7 /* Debug */,
				FF0F09FE257BCC8C008A35C7 /* Release */,
			);
			defaultConfigurationIsVisible = 0;
			defaultConfigurationName = Release;
		};
/* End XCConfigurationList section */

/* Begin XCRemoteSwiftPackageReference section */
		FFA041A0258E899F00C6928A /* XCRemoteSwiftPackageReference "Alamofire" */ = {
			isa = XCRemoteSwiftPackageReference;
			repositoryURL = "https://github.com/Alamofire/Alamofire.git";
			requirement = {
				kind = exactVersion;
				version = 4.9.1;
			};
		};
/* End XCRemoteSwiftPackageReference section */

/* Begin XCSwiftPackageProductDependency section */
		FFA041A1258E899F00C6928A /* Alamofire */ = {
			isa = XCSwiftPackageProductDependency;
			package = FFA041A0258E899F00C6928A /* XCRemoteSwiftPackageReference "Alamofire" */;
			productName = Alamofire;
		};
/* End XCSwiftPackageProductDependency section */
	};
	rootObject = FF0F09E0257BCC8B008A35C7 /* Project object */;
}
